
Microsoft Visual Studio Solution File, Format Version 12.00
# Visual Studio Version 17
VisualStudioVersion = 17.11.35219.272
MinimumVisualStudioVersion = 10.0.40219.1
Project("{2150E333-8FDC-42A3-9474-1A3956D46DE8}") = "Server", "Server", "{155B767B-5555-48E6-B91C-28C2BB1D1EF9}"
EndProject
Project("{2150E333-8FDC-42A3-9474-1A3956D46DE8}") = "Client", "Client", "{EC9599DD-DCAC-44BB-97EE-814C84F69A6F}"
EndProject
Project("{9A19103F-16F7-4668-BE54-9A1E7A4F7556}") = "ClockIn.Client.BaseModule", "Client\ClockIn.Client.BaseModule\ClockIn.Client.BaseModule.csproj", "{F720A2E7-0814-4035-8842-7539DAB82860}"
EndProject
Project("{9A19103F-16F7-4668-BE54-9A1E7A4F7556}") = "ClockIn.Client.BLL", "Client\ClockIn.Client.BLL\ClockIn.Client.BLL.csproj", "{40A5DD0E-6DF4-4735-9820-E4BA4B75494A}"
EndProject
Project("{9A19103F-16F7-4668-BE54-9A1E7A4F7556}") = "ClockIn.Client.Common", "Client\ClockIn.Client.Common\ClockIn.Client.Common.csproj", "{F8C5D0E9-A86A-4CC9-BDF3-BF13406ED4FD}"
EndProject
Project("{9A19103F-16F7-4668-BE54-9A1E7A4F7556}") = "ClockIn.Client.Controls", "Client\ClockIn.Client.Controls\ClockIn.Client.Controls.csproj", "{B83B3963-F29B-4C86-903E-5DD2E899A8B3}"
EndProject
Project("{9A19103F-16F7-4668-BE54-9A1E7A4F7556}") = "ClockIn.Client.DAL", "Client\ClockIn.Client.DAL\ClockIn.Client.DAL.csproj", "{D75F9BEB-BBE8-440E-9F91-59E4F9F7564E}"
EndProject
Project("{9A19103F-16F7-4668-BE54-9A1E7A4F7556}") = "ClockIn.Client.Entity", "Client\ClockIn.Client.Entity\ClockIn.Client.Entity.csproj", "{CB1A86CD-AF48-4589-BF85-D28E8DF05C87}"
EndProject
Project("{9A19103F-16F7-4668-BE54-9A1E7A4F7556}") = "ClockIn.Client.IBLL", "Client\ClockIn.Client.IBLL\ClockIn.Client.IBLL.csproj", "{00F3215C-3902-4294-94E8-CD50B78DA709}"
EndProject
Project("{9A19103F-16F7-4668-BE54-9A1E7A4F7556}") = "ClockIn.Client.IDAL", "Client\ClockIn.Client.IDAL\ClockIn.Client.IDAL.csproj", "{2FB24D6D-187C-4E6B-AD7D-49F8315FFB06}"
EndProject
Project("{9A19103F-16F7-4668-BE54-9A1E7A4F7556}") = "ClockIn.Client.MainMoudels", "Client\ClockIn.Client.MainMoudels\ClockIn.Client.MainMoudels.csproj", "{D13FA633-37E1-48AD-9E94-05800B49A327}"
EndProject
Project("{9A19103F-16F7-4668-BE54-9A1E7A4F7556}") = "ClockIn.Client.Startt", "Client\ClockIn.Client.Startt\ClockIn.Client.Startt.csproj", "{D24660A0-1E1D-4F75-B8AC-3B2D0C02A360}"
EndProject
Project("{9A19103F-16F7-4668-BE54-9A1E7A4F7556}") = "ClockIn.Server.Configuration", "Server\ClockIn.Server.Configuration\ClockIn.Server.Configuration.csproj", "{F4F634A4-4428-4CEC-8D8F-B418F83C60D9}"
EndProject
Project("{9A19103F-16F7-4668-BE54-9A1E7A4F7556}") = "ClockIn.Server.EF", "Server\ClockIn.Server.EF\ClockIn.Server.EF.csproj", "{9C267DF6-FF7A-4432-9D12-15786E671835}"
EndProject
Project("{9A19103F-16F7-4668-BE54-9A1E7A4F7556}") = "ClockIn.Server.EFContext", "Server\ClockIn.Server.EFContext\ClockIn.Server.EFContext.csproj", "{4570906B-E3B5-4E99-876B-0F26F5D81D82}"
EndProject
Project("{9A19103F-16F7-4668-BE54-9A1E7A4F7556}") = "ClockIn.Server.IConfiguration", "Server\ClockIn.Server.IConfiguration\ClockIn.Server.IConfiguration.csproj", "{E97FED31-F5EE-4A41-A5CA-32E4BD6BA18D}"
EndProject
Project("{9A19103F-16F7-4668-BE54-9A1E7A4F7556}") = "ClockIn.Server.IEFContext", "Server\ClockIn.Server.IEFContext\ClockIn.Server.IEFContext.csproj", "{2B9E6BD0-403A-4E74-AE66-6C36E46379F9}"
EndProject
Project("{9A19103F-16F7-4668-BE54-9A1E7A4F7556}") = "ClockIn.Server.IService", "Server\ClockIn.Server.IService\ClockIn.Server.IService.csproj", "{51D417EA-AC66-410E-8DCA-845A98BE8337}"
EndProject
Project("{9A19103F-16F7-4668-BE54-9A1E7A4F7556}") = "ClockIn.Server.Models", "Server\ClockIn.Server.Models\ClockIn.Server.Models.csproj", "{D3C761B3-1E6F-49DB-86B0-86E7788186EF}"
EndProject
Project("{9A19103F-16F7-4668-BE54-9A1E7A4F7556}") = "ClockIn.Server.Service", "Server\ClockIn.Server.Service\ClockIn.Server.Service.csproj", "{84294186-D31B-4B8C-B659-2AD20CAA02C5}"
EndProject
Project("{9A19103F-16F7-4668-BE54-9A1E7A4F7556}") = "ClockIn.Server.Start", "Server\ClockIn.Server.Start\ClockIn.Server.Start.csproj", "{C7A400F5-EA3A-46C5-897B-9A3176E3C28E}"
EndProject
Global
	GlobalSection(SolutionConfigurationPlatforms) = preSolution
		Debug|Any CPU = Debug|Any CPU
		Release|Any CPU = Release|Any CPU
	EndGlobalSection
	GlobalSection(ProjectConfigurationPlatforms) = postSolution
		{F720A2E7-0814-4035-8842-7539DAB82860}.Debug|Any CPU.ActiveCfg = Debug|Any CPU
		{F720A2E7-0814-4035-8842-7539DAB82860}.Debug|Any CPU.Build.0 = Debug|Any CPU
		{F720A2E7-0814-4035-8842-7539DAB82860}.Release|Any CPU.ActiveCfg = Release|Any CPU
		{F720A2E7-0814-4035-8842-7539DAB82860}.Release|Any CPU.Build.0 = Release|Any CPU
		{40A5DD0E-6DF4-4735-9820-E4BA4B75494A}.Debug|Any CPU.ActiveCfg = Debug|Any CPU
		{40A5DD0E-6DF4-4735-9820-E4BA4B75494A}.Debug|Any CPU.Build.0 = Debug|Any CPU
		{40A5DD0E-6DF4-4735-9820-E4BA4B75494A}.Release|Any CPU.ActiveCfg = Release|Any CPU
		{40A5DD0E-6DF4-4735-9820-E4BA4B75494A}.Release|Any CPU.Build.0 = Release|Any CPU
		{F8C5D0E9-A86A-4CC9-BDF3-BF13406ED4FD}.Debug|Any CPU.ActiveCfg = Debug|Any CPU
		{F8C5D0E9-A86A-4CC9-BDF3-BF13406ED4FD}.Debug|Any CPU.Build.0 = Debug|Any CPU
		{F8C5D0E9-A86A-4CC9-BDF3-BF13406ED4FD}.Release|Any CPU.ActiveCfg = Release|Any CPU
		{F8C5D0E9-A86A-4CC9-BDF3-BF13406ED4FD}.Release|Any CPU.Build.0 = Release|Any CPU
		{B83B3963-F29B-4C86-903E-5DD2E899A8B3}.Debug|Any CPU.ActiveCfg = Debug|Any CPU
		{B83B3963-F29B-4C86-903E-5DD2E899A8B3}.Debug|Any CPU.Build.0 = Debug|Any CPU
		{B83B3963-F29B-4C86-903E-5DD2E899A8B3}.Release|Any CPU.ActiveCfg = Release|Any CPU
		{B83B3963-F29B-4C86-903E-5DD2E899A8B3}.Release|Any CPU.Build.0 = Release|Any CPU
		{D75F9BEB-BBE8-440E-9F91-59E4F9F7564E}.Debug|Any CPU.ActiveCfg = Debug|Any CPU
		{D75F9BEB-BBE8-440E-9F91-59E4F9F7564E}.Debug|Any CPU.Build.0 = Debug|Any CPU
		{D75F9BEB-BBE8-440E-9F91-59E4F9F7564E}.Release|Any CPU.ActiveCfg = Release|Any CPU
		{D75F9BEB-BBE8-440E-9F91-59E4F9F7564E}.Release|Any CPU.Build.0 = Release|Any CPU
		{CB1A86CD-AF48-4589-BF85-D28E8DF05C87}.Debug|Any CPU.ActiveCfg = Debug|Any CPU
		{CB1A86CD-AF48-4589-BF85-D28E8DF05C87}.Debug|Any CPU.Build.0 = Debug|Any CPU
		{CB1A86CD-AF48-4589-BF85-D28E8DF05C87}.Release|Any CPU.ActiveCfg = Release|Any CPU
		{CB1A86CD-AF48-4589-BF85-D28E8DF05C87}.Release|Any CPU.Build.0 = Release|Any CPU
		{00F3215C-3902-4294-94E8-CD50B78DA709}.Debug|Any CPU.ActiveCfg = Debug|Any CPU
		{00F3215C-3902-4294-94E8-CD50B78DA709}.Debug|Any CPU.Build.0 = Debug|Any CPU
		{00F3215C-3902-4294-94E8-CD50B78DA709}.Release|Any CPU.ActiveCfg = Release|Any CPU
		{00F3215C-3902-4294-94E8-CD50B78DA709}.Release|Any CPU.Build.0 = Release|Any CPU
		{2FB24D6D-187C-4E6B-AD7D-49F8315FFB06}.Debug|Any CPU.ActiveCfg = Debug|Any CPU
		{2FB24D6D-187C-4E6B-AD7D-49F8315FFB06}.Debug|Any CPU.Build.0 = Debug|Any CPU
		{2FB24D6D-187C-4E6B-AD7D-49F8315FFB06}.Release|Any CPU.ActiveCfg = Release|Any CPU
		{2FB24D6D-187C-4E6B-AD7D-49F8315FFB06}.Release|Any CPU.Build.0 = Release|Any CPU
		{D13FA633-37E1-48AD-9E94-05800B49A327}.Debug|Any CPU.ActiveCfg = Debug|Any CPU
		{D13FA633-37E1-48AD-9E94-05800B49A327}.Debug|Any CPU.Build.0 = Debug|Any CPU
		{D13FA633-37E1-48AD-9E94-05800B49A327}.Release|Any CPU.ActiveCfg = Release|Any CPU
		{D13FA633-37E1-48AD-9E94-05800B49A327}.Release|Any CPU.Build.0 = Release|Any CPU
		{D24660A0-1E1D-4F75-B8AC-3B2D0C02A360}.Debug|Any CPU.ActiveCfg = Debug|Any CPU
		{D24660A0-1E1D-4F75-B8AC-3B2D0C02A360}.Debug|Any CPU.Build.0 = Debug|Any CPU
		{D24660A0-1E1D-4F75-B8AC-3B2D0C02A360}.Release|Any CPU.ActiveCfg = Release|Any CPU
		{D24660A0-1E1D-4F75-B8AC-3B2D0C02A360}.Release|Any CPU.Build.0 = Release|Any CPU
		{F4F634A4-4428-4CEC-8D8F-B418F83C60D9}.Debug|Any CPU.ActiveCfg = Debug|Any CPU
		{F4F634A4-4428-4CEC-8D8F-B418F83C60D9}.Debug|Any CPU.Build.0 = Debug|Any CPU
		{F4F634A4-4428-4CEC-8D8F-B418F83C60D9}.Release|Any CPU.ActiveCfg = Release|Any CPU
		{F4F634A4-4428-4CEC-8D8F-B418F83C60D9}.Release|Any CPU.Build.0 = Release|Any CPU
		{9C267DF6-FF7A-4432-9D12-15786E671835}.Debug|Any CPU.ActiveCfg = Debug|Any CPU
		{9C267DF6-FF7A-4432-9D12-15786E671835}.Debug|Any CPU.Build.0 = Debug|Any CPU
		{9C267DF6-FF7A-4432-9D12-15786E671835}.Release|Any CPU.ActiveCfg = Release|Any CPU
		{9C267DF6-FF7A-4432-9D12-15786E671835}.Release|Any CPU.Build.0 = Release|Any CPU
		{4570906B-E3B5-4E99-876B-0F26F5D81D82}.Debug|Any CPU.ActiveCfg = Debug|Any CPU
		{4570906B-E3B5-4E99-876B-0F26F5D81D82}.Debug|Any CPU.Build.0 = Debug|Any CPU
		{4570906B-E3B5-4E99-876B-0F26F5D81D82}.Release|Any CPU.ActiveCfg = Release|Any CPU
		{4570906B-E3B5-4E99-876B-0F26F5D81D82}.Release|Any CPU.Build.0 = Release|Any CPU
		{E97FED31-F5EE-4A41-A5CA-32E4BD6BA18D}.Debug|Any CPU.ActiveCfg = Debug|Any CPU
		{E97FED31-F5EE-4A41-A5CA-32E4BD6BA18D}.Debug|Any CPU.Build.0 = Debug|Any CPU
		{E97FED31-F5EE-4A41-A5CA-32E4BD6BA18D}.Release|Any CPU.ActiveCfg = Release|Any CPU
		{E97FED31-F5EE-4A41-A5CA-32E4BD6BA18D}.Release|Any CPU.Build.0 = Release|Any CPU
		{2B9E6BD0-403A-4E74-AE66-6C36E46379F9}.Debug|Any CPU.ActiveCfg = Debug|Any CPU
		{2B9E6BD0-403A-4E74-AE66-6C36E46379F9}.Debug|Any CPU.Build.0 = Debug|Any CPU
		{2B9E6BD0-403A-4E74-AE66-6C36E46379F9}.Release|Any CPU.ActiveCfg = Release|Any CPU
		{2B9E6BD0-403A-4E74-AE66-6C36E46379F9}.Release|Any CPU.Build.0 = Release|Any CPU
		{51D417EA-AC66-410E-8DCA-845A98BE8337}.Debug|Any CPU.ActiveCfg = Debug|Any CPU
		{51D417EA-AC66-410E-8DCA-845A98BE8337}.Debug|Any CPU.Build.0 = Debug|Any CPU
		{51D417EA-AC66-410E-8DCA-845A98BE8337}.Release|Any CPU.ActiveCfg = Release|Any CPU
		{51D417EA-AC66-410E-8DCA-845A98BE8337}.Release|Any CPU.Build.0 = Release|Any CPU
		{D3C761B3-1E6F-49DB-86B0-86E7788186EF}.Debug|Any CPU.ActiveCfg = Debug|Any CPU
		{D3C761B3-1E6F-49DB-86B0-86E7788186EF}.Debug|Any CPU.Build.0 = Debug|Any CPU
		{D3C761B3-1E6F-49DB-86B0-86E7788186EF}.Release|Any CPU.ActiveCfg = Release|Any CPU
		{D3C761B3-1E6F-49DB-86B0-86E7788186EF}.Release|Any CPU.Build.0 = Release|Any CPU
		{84294186-D31B-4B8C-B659-2AD20CAA02C5}.Debug|Any CPU.ActiveCfg = Debug|Any CPU
		{84294186-D31B-4B8C-B659-2AD20CAA02C5}.Debug|Any CPU.Build.0 = Debug|Any CPU
		{84294186-D31B-4B8C-B659-2AD20CAA02C5}.Release|Any CPU.ActiveCfg = Release|Any CPU
		{84294186-D31B-4B8C-B659-2AD20CAA02C5}.Release|Any CPU.Build.0 = Release|Any CPU
		{C7A400F5-EA3A-46C5-897B-9A3176E3C28E}.Debug|Any CPU.ActiveCfg = Debug|Any CPU
		{C7A400F5-EA3A-46C5-897B-9A3176E3C28E}.Debug|Any CPU.Build.0 = Debug|Any CPU
		{C7A400F5-EA3A-46C5-897B-9A3176E3C28E}.Release|Any CPU.ActiveCfg = Release|Any CPU
		{C7A400F5-EA3A-46C5-897B-9A3176E3C28E}.Release|Any CPU.Build.0 = Release|Any CPU
	EndGlobalSection
	GlobalSection(SolutionProperties) = preSolution
		HideSolutionNode = FALSE
	EndGlobalSection
	GlobalSection(NestedProjects) = preSolution
		{F720A2E7-0814-4035-8842-7539DAB82860} = {EC9599DD-DCAC-44BB-97EE-814C84F69A6F}
		{40A5DD0E-6DF4-4735-9820-E4BA4B75494A} = {EC9599DD-DCAC-44BB-97EE-814C84F69A6F}
		{F8C5D0E9-A86A-4CC9-BDF3-BF13406ED4FD} = {EC9599DD-DCAC-44BB-97EE-814C84F69A6F}
		{B83B3963-F29B-4C86-903E-5DD2E899A8B3} = {EC9599DD-DCAC-44BB-97EE-814C84F69A6F}
		{D75F9BEB-BBE8-440E-9F91-59E4F9F7564E} = {EC9599DD-DCAC-44BB-97EE-814C84F69A6F}
		{CB1A86CD-AF48-4589-BF85-D28E8DF05C87} = {EC9599DD-DCAC-44BB-97EE-814C84F69A6F}
		{00F3215C-3902-4294-94E8-CD50B78DA709} = {EC9599DD-DCAC-44BB-97EE-814C84F69A6F}
		{2FB24D6D-187C-4E6B-AD7D-49F8315FFB06} = {EC9599DD-DCAC-44BB-97EE-814C84F69A6F}
		{D13FA633-37E1-48AD-9E94-05800B49A327} = {EC9599DD-DCAC-44BB-97EE-814C84F69A6F}
		{D24660A0-1E1D-4F75-B8AC-3B2D0C02A360} = {EC9599DD-DCAC-44BB-97EE-814C84F69A6F}
		{F4F634A4-4428-4CEC-8D8F-B418F83C60D9} = {155B767B-5555-48E6-B91C-28C2BB1D1EF9}
		{9C267DF6-FF7A-4432-9D12-15786E671835} = {155B767B-5555-48E6-B91C-28C2BB1D1EF9}
		{4570906B-E3B5-4E99-876B-0F26F5D81D82} = {155B767B-5555-48E6-B91C-28C2BB1D1EF9}
		{E97FED31-F5EE-4A41-A5CA-32E4BD6BA18D} = {155B767B-5555-48E6-B91C-28C2BB1D1EF9}
		{2B9E6BD0-403A-4E74-AE66-6C36E46379F9} = {155B767B-5555-48E6-B91C-28C2BB1D1EF9}
		{51D417EA-AC66-410E-8DCA-845A98BE8337} = {155B767B-5555-48E6-B91C-28C2BB1D1EF9}
		{D3C761B3-1E6F-49DB-86B0-86E7788186EF} = {155B767B-5555-48E6-B91C-28C2BB1D1EF9}
		{84294186-D31B-4B8C-B659-2AD20CAA02C5} = {155B767B-5555-48E6-B91C-28C2BB1D1EF9}
		{C7A400F5-EA3A-46C5-897B-9A3176E3C28E} = {155B767B-5555-48E6-B91C-28C2BB1D1EF9}
	EndGlobalSection
	GlobalSection(ExtensibilityGlobals) = postSolution
		SolutionGuid = {4769C1AA-E235-443D-8F29-9FC6315B98C4}
	EndGlobalSection
EndGlobal
